// !$*UTF8*$!
{
	archiveVersion = 1;
	classes = {
	};
	objectVersion = 50;
	objects = {

/* Begin PBXBuildFile section */
		A37AAFF121D6A09C0028E21B /* AppDelegate.swift in Sources */ = {isa = PBXBuildFile; fileRef = A37AAFF021D6A09C0028E21B /* AppDelegate.swift */; };
		A37AAFF321D6A09C0028E21B /* art.scnassets in Resources */ = {isa = PBXBuildFile; fileRef = A37AAFF221D6A09C0028E21B /* art.scnassets */; };
		A37AAFF521D6A09C0028E21B /* ViewController.swift in Sources */ = {isa = PBXBuildFile; fileRef = A37AAFF421D6A09C0028E21B /* ViewController.swift */; };
		A37AAFF821D6A09C0028E21B /* Main.storyboard in Resources */ = {isa = PBXBuildFile; fileRef = A37AAFF621D6A09C0028E21B /* Main.storyboard */; };
		A37AAFFA21D6A09E0028E21B /* Assets.xcassets in Resources */ = {isa = PBXBuildFile; fileRef = A37AAFF921D6A09E0028E21B /* Assets.xcassets */; };
		A37AAFFD21D6A09E0028E21B /* LaunchScreen.storyboard in Resources */ = {isa = PBXBuildFile; fileRef = A37AAFFB21D6A09E0028E21B /* LaunchScreen.storyboard */; };
		A37AB00521D6EE000028E21B /* README.md in Resources */ = {isa = PBXBuildFile; fileRef = A37AB00421D6EE000028E21B /* README.md */; };
/* End PBXBuildFile section */

/* Begin PBXFileReference section */
		A37AAFED21D6A09C0028E21B /* ARCompass.app */ = {isa = PBXFileReference; explicitFileType = wrapper.application; includeInIndex = 0; path = ARCompass.app; sourceTree = BUILT_PRODUCTS_DIR; };
		A37AAFF021D6A09C0028E21B /* AppDelegate.swift */ = {isa = PBXFileReference; lastKnownFileType = sourcecode.swift; path = AppDelegate.swift; sourceTree = "<group>"; };
		A37AAFF221D6A09C0028E21B /* art.scnassets */ = {isa = PBXFileReference; lastKnownFileType = wrapper.scnassets; path = art.scnassets; sourceTree = "<group>"; };
		A37AAFF421D6A09C0028E21B /* ViewController.swift */ = {isa = PBXFileReference; lastKnownFileType = sourcecode.swift; path = ViewController.swift; sourceTree = "<group>"; };
		A37AAFF721D6A09C0028E21B /* Base */ = {isa = PBXFileReference; lastKnownFileType = file.storyboard; name = Base; path = Base.lproj/Main.storyboard; sourceTree = "<group>"; };
		A37AAFF921D6A09E0028E21B /* Assets.xcassets */ = {isa = PBXFileReference; lastKnownFileType = folder.assetcatalog; path = Assets.xcassets; sourceTree = "<group>"; };
		A37AAFFC21D6A09E0028E21B /* Base */ = {isa = PBXFileReference; lastKnownFileType = file.storyboard; name = Base; path = Base.lproj/LaunchScreen.storyboard; sourceTree = "<group>"; };
		A37AAFFE21D6A09E0028E21B /* Info.plist */ = {isa = PBXFileReference; lastKnownFileType = text.plist.xml; path = Info.plist; sourceTree = "<group>"; };
		A37AB00421D6EE000028E21B /* README.md */ = {isa = PBXFileReference; lastKnownFileType = net.daringfireball.markdown; path = README.md; sourceTree = "<group>"; };
/* End PBXFileReference section */

/* Begin PBXFrameworksBuildPhase section */
		A37AAFEA21D6A09C0028E21B /* Frameworks */ = {
			isa = PBXFrameworksBuildPhase;
			buildActionMask = 2147483647;
			files = (
			);
			runOnlyForDeploymentPostprocessing = 0;
		};
/* End PBXFrameworksBuildPhase section */

/* Begin PBXGroup section */
		A37AAFE421D6A09C0028E21B = {
			isa = PBXGroup;
			children = (
				A37AB00421D6EE000028E21B /* README.md */,
				A37AAFEF21D6A09C0028E21B /* ARCompass */,
				A37AAFEE21D6A09C0028E21B /* Products */,
			);
			sourceTree = "<group>";
		};
		A37AAFEE21D6A09C0028E21B /* Products */ = {
			isa = PBXGroup;
			children = (
				A37AAFED21D6A09C0028E21B /* ARCompass.app */,
			);
			name = Products;
			sourceTree = "<group>";
		};
		A37AAFEF21D6A09C0028E21B /* ARCompass */ = {
			isa = PBXGroup;
			children = (
				A37AAFF421D6A09C0028E21B /* ViewController.swift */,
				A37AAFF021D6A09C0028E21B /* AppDelegate.swift */,
				A37AAFF221D6A09C0028E21B /* art.scnassets */,
				A37AAFF621D6A09C0028E21B /* Main.storyboard */,
				A37AAFF921D6A09E0028E21B /* Assets.xcassets */,
				A37AAFFB21D6A09E0028E21B /* LaunchScreen.storyboard */,
				A37AAFFE21D6A09E0028E21B /* Info.plist */,
			);
			path = ARCompass;
			sourceTree = "<group>";
		};
/* End PBXGroup section */

/* Begin PBXNativeTarget section */
		A37AAFEC21D6A09C0028E21B /* ARCompass */ = {
			isa = PBXNativeTarget;
			buildConfigurationList = A37AB00121D6A09E0028E21B /* Build configuration list for PBXNativeTarget "ARCompass" */;
			buildPhases = (
				A37AAFE921D6A09C0028E21B /* Sources */,
				A37AAFEA21D6A09C0028E21B /* Frameworks */,
				A37AAFEB21D6A09C0028E21B /* Resources */,
			);
			buildRules = (
			);
			dependencies = (
			);
			name = ARCompass;
			productName = testLazyAnimation;
			productReference = A37AAFED21D6A09C0028E21B /* ARCompass.app */;
			productType = "com.apple.product-type.application";
		};
/* End PBXNativeTarget section */

/* Begin PBXProject section */
		A37AAFE521D6A09C0028E21B /* Project object */ = {
			isa = PBXProject;
			attributes = {
				LastSwiftUpdateCheck = 1010;
				LastUpgradeCheck = 1010;
				ORGANIZATIONNAME = "Geng Wang";
				TargetAttributes = {
					A37AAFEC21D6A09C0028E21B = {
						CreatedOnToolsVersion = 10.1;
					};
				};
			};
			buildConfigurationList = A37AAFE821D6A09C0028E21B /* Build configuration list for PBXProject "ARCompass" */;
			compatibilityVersion = "Xcode 9.3";
			developmentRegion = en;
			hasScannedForEncodings = 0;
			knownRegions = (
				en,
				Base,
			);
			mainGroup = A37AAFE421D6A09C0028E21B;
			productRefGroup = A37AAFEE21D6A09C0028E21B /* Products */;
			projectDirPath = "";
			projectRoot = "";
			targets = (
				A37AAFEC21D6A09C0028E21B /* ARCompass */,
			);
		};
/* End PBXProject section */

/* Begin PBXResourcesBuildPhase section */
		A37AAFEB21D6A09C0028E21B /* Resources */ = {
			isa = PBXResourcesBuildPhase;
			buildActionMask = 2147483647;
			files = (
				A37AAFF321D6A09C0028E21B /* art.scnassets in Resources */,
				A37AAFFD21D6A09E0028E21B /* LaunchScreen.storyboard in Resources */,
				A37AB00521D6EE000028E21B /* README.md in Resources */,
				A37AAFFA21D6A09E0028E21B /* Assets.xcassets in Resources */,
				A37AAFF821D6A09C0028E21B /* Main.storyboard in Resources */,
			);
			runOnlyForDeploymentPostprocessing = 0;
		};
/* End PBXResourcesBuildPhase section */

/* Begin PBXSourcesBuildPhase section */
		A37AAFE921D6A09C0028E21B /* Sources */ = {
			isa = PBXSourcesBuildPhase;
			buildActionMask = 2147483647;
			files = (
				A37AAFF521D6A09C0028E21B /* ViewController.swift in Sources */,
				A37AAFF121D6A09C0028E21B /* AppDelegate.swift in Sources */,
			);
			runOnlyForDeploymentPostprocessing = 0;
		};
/* End PBXSourcesBuildPhase section */

/* Begin PBXVariantGroup section */
		A37AAFF621D6A09C0028E21B /* Main.storyboard */ = {
			isa = PBXVariantGroup;
			children = (
				A37AAFF721D6A09C0028E21B /* Base */,
			);
			name = Main.storyboard;
			sourceTree = "<group>";
		};
		A37AAFFB21D6A09E0028E21B /* LaunchScreen.storyboard */ = {
			isa = PBXVariantGroup;
			children = (
				A37AAFFC21D6A09E0028E21B /* Base */,
			);
			name = LaunchScreen.storyboard;
			sourceTree = "<group>";
		};
/* End PBXVariantGroup section */

/* Begin XCBuildConfiguration section */
		A37AAFFF21D6A09E0028E21B /* Debug */ = {
			isa = XCBuildConfiguration;
			buildSettings = {
				ALWAYS_SEARCH_USER_PATHS = NO;
				CLANG_ANALYZER_NONNULL = YES;
				CLANG_ANALYZER_NUMBER_OBJECT_CONVERSION = YES_AGGRESSIVE;
				CLANG_CXX_LANGUAGE_STANDARD = "gnu++14";
				CLANG_CXX_LIBRARY = "libc++";
				CLANG_ENABLE_MODULES = YES;
				CLANG_ENABLE_OBJC_ARC = YES;
				CLANG_ENABLE_OBJC_WEAK = YES;
				CLANG_WARN_BLOCK_CAPTURE_AUTORELEASING = YES;
				CLANG_WARN_BOOL_CONVERSION = YES;
				CLANG_WARN_COMMA = YES;
				CLANG_WARN_CONSTANT_CONVERSION = YES;
				CLANG_WARN_DEPRECATED_OBJC_IMPLEMENTATIONS = YES;
				CLANG_WARN_DIRECT_OBJC_ISA_USAGE = YES_ERROR;
				CLANG_WARN_DOCUMENTATION_COMMENTS = YES;
				CLANG_WARN_EMPTY_BODY = YES;
				CLANG_WARN_ENUM_CONVERSION = YES;
				CLANG_WARN_INFINITE_RECURSION = YES;
				CLANG_WARN_INT_CONVERSION = YES;
				CLANG_WARN_NON_LITERAL_NULL_CONVERSION = YES;
				CLANG_WARN_OBJC_IMPLICIT_RETAIN_SELF = YES;
				CLANG_WARN_OBJC_LITERAL_CONVERSION = YES;
				CLANG_WARN_OBJC_ROOT_CLASS = YES_ERROR;
				CLANG_WARN_RANGE_LOOP_ANALYSIS = YES;
				CLANG_WARN_STRICT_PROTOTYPES = YES;
				CLANG_WARN_SUSPICIOUS_MOVE = YES;
				CLANG_WARN_UNGUARDED_AVAILABILITY = YES_AGGRESSIVE;
				CLANG_WARN_UNREACHABLE_CODE = YES;
				CLANG_WARN__DUPLICATE_METHOD_MATCH = YES;
				CODE_SIGN_IDENTITY = "iPhone Developer";
				COPY_PHASE_STRIP = NO;
				DEBUG_INFORMATION_FORMAT = dwarf;
				ENABLE_STRICT_OBJC_MSGSEND = YES;
				ENABLE_TESTABILITY = YES;
				GCC_C_LANGUAGE_STANDARD = gnu11;
				GCC_DYNAMIC_NO_PIC = NO;
				GCC_NO_COMMON_BLOCKS = YES;
				GCC_OPTIMIZATION_LEVEL = 0;
				GCC_PREPROCESSOR_DEFINITIONS = (
					"DEBUG=1",
					"$(inherited)",
				);
				GCC_WARN_64_TO_32_BIT_CONVERSION = YES;
				GCC_WARN_ABOUT_RETURN_TYPE = YES_ERROR;
				GCC_WARN_UNDECLARED_SELECTOR = YES;
				GCC_WARN_UNINITIALIZED_AUTOS = YES_AGGRESSIVE;
				GCC_WARN_UNUSED_FUNCTION = YES;
				GCC_WARN_UNUSED_VARIABLE = YES;
				IPHONEOS_DEPLOYMENT_TARGET = 12.1;
				MTL_ENABLE_DEBUG_INFO = INCLUDE_SOURCE;
				MTL_FAST_MATH = YES;
				ONLY_ACTIVE_ARCH = YES;
				SDKROOT = iphoneos;
				SWIFT_ACTIVE_COMPILATION_CONDITIONS = DEBUG;
				SWIFT_OPTIMIZATION_LEVEL = "-Onone";
			};
			name = Debug;
		};
		A37AB00021D6A09E0028E21B /* Release */ = {
			isa = XCBuildConfiguration;
			buildSettings = {
				ALWAYS_SEARCH_USER_PATHS = NO;
				CLANG_ANALYZER_NONNULL = YES;
				CLANG_ANALYZER_NUMBER_OBJECT_CONVERSION = YES_AGGRESSIVE;
				CLANG_CXX_LANGUAGE_STANDARD = "gnu++14";
				CLANG_CXX_LIBRARY = "libc++";
				CLANG_ENABLE_MODULES = YES;
				CLANG_ENABLE_OBJC_ARC = YES;
				CLANG_ENABLE_OBJC_WEAK = YES;
				CLANG_WARN_BLOCK_CAPTURE_AUTORELEASING = YES;
				CLANG_WARN_BOOL_CONVERSION = YES;
				CLANG_WARN_COMMA = YES;
				CLANG_WARN_CONSTANT_CONVERSION = YES;
				CLANG_WARN_DEPRECATED_OBJC_IMPLEMENTATIONS = YES;
				CLANG_WARN_DIRECT_OBJC_ISA_USAGE = YES_ERROR;
				CLANG_WARN_DOCUMENTATION_COMMENTS = YES;
				CLANG_WARN_EMPTY_BODY = YES;
				CLANG_WARN_ENUM_CONVERSION = YES;
				CLANG_WARN_INFINITE_RECURSION = YES;
				CLANG_WARN_INT_CONVERSION = YES;
				CLANG_WARN_NON_LITERAL_NULL_CONVERSION = YES;
				CLANG_WARN_OBJC_IMPLICIT_RETAIN_SELF = YES;
				CLANG_WARN_OBJC_LITERAL_CONVERSION = YES;
				CLANG_WARN_OBJC_ROOT_CLASS = YES_ERROR;
				CLANG_WARN_RANGE_LOOP_ANALYSIS = YES;
				CLANG_WARN_STRICT_PROTOTYPES = YES;
				CLANG_WARN_SUSPICIOUS_MOVE = YES;
				CLANG_WARN_UNGUARDED_AVAILABILITY = YES_AGGRESSIVE;
				CLANG_WARN_UNREACHABLE_CODE = YES;
				CLANG_WARN__DUPLICATE_METHOD_MATCH = YES;
				CODE_SIGN_IDENTITY = "iPhone Developer";
				COPY_PHASE_STRIP = NO;
				DEBUG_INFORMATION_FORMAT = "dwarf-with-dsym";
				ENABLE_NS_ASSERTIONS = NO;
				ENABLE_STRICT_OBJC_MSGSEND = YES;
				GCC_C_LANGUAGE_STANDARD = gnu11;
				GCC_NO_COMMON_BLOCKS = YES;
				GCC_WARN_64_TO_32_BIT_CONVERSION = YES;
				GCC_WARN_ABOUT_RETURN_TYPE = YES_ERROR;
				GCC_WARN_UNDECLARED_SELECTOR = YES;
				GCC_WARN_UNINITIALIZED_AUTOS = YES_AGGRESSIVE;
				GCC_WARN_UNUSED_FUNCTION = YES;
				GCC_WARN_UNUSED_VARIABLE = YES;
				IPHONEOS_DEPLOYMENT_TARGET = 12.1;
				MTL_ENABLE_DEBUG_INFO = NO;
				MTL_FAST_MATH = YES;
				SDKROOT = iphoneos;
				SWIFT_COMPILATION_MODE = wholemodule;
				SWIFT_OPTIMIZATION_LEVEL = "-O";
				VALIDATE_PRODUCT = YES;
			};
			name = Release;
		};
		A37AB00221D6A09E0028E21B /* Debug */ = {
			isa = XCBuildConfiguration;
			buildSettings = {
				ASSETCATALOG_COMPILER_APPICON_NAME = AppIcon;
				CODE_SIGN_STYLE = Automatic;
				DEVELOPMENT_TEAM = N7J8S899PZ;
				INFOPLIST_FILE = testLazyAnimation/Info.plist;
				LD_RUNPATH_SEARCH_PATHS = (
					"$(inherited)",
					"@executable_path/Frameworks",
				);
				PRODUCT_BUNDLE_IDENTIFIER = com.maohao.ios.ARCompass;
				PRODUCT_NAME = "$(TARGET_NAME)";
				SWIFT_VERSION = 4.2;
				TARGETED_DEVICE_FAMILY = "1,2";
			};
			name = Debug;
		};
		A37AB00321D6A09E0028E21B /* Release */ = {
			isa = XCBuildConfiguration;
			buildSettings = {
				ASSETCATALOG_COMPILER_APPICON_NAME = AppIcon;
				CODE_SIGN_STYLE = Automatic;
				DEVELOPMENT_TEAM = N7J8S899PZ;
				INFOPLIST_FILE = testLazyAnimation/Info.plist;
				LD_RUNPATH_SEARCH_PATHS = (
					"$(inherited)",
					"@executable_path/Frameworks",
				);
				PRODUCT_BUNDLE_IDENTIFIER = com.maohao.ios.ARCompass;
				PRODUCT_NAME = "$(TARGET_NAME)";
				SWIFT_VERSION = 4.2;
				TARGETED_DEVICE_FAMILY = "1,2";
			};
			name = Release;
		};
/* End XCBuildConfiguration section */

/* Begin XCConfigurationList section */
		A37AAFE821D6A09C0028E21B /* Build configuration list for PBXProject "ARCompass" */ = {
			isa = XCConfigurationList;
			buildConfigurations = (
				A37AAFFF21D6A09E0028E21B /* Debug */,
				A37AB00021D6A09E0028E21B /* Release */,
			);
			defaultConfigurationIsVisible = 0;
			defaultConfigurationName = Release;
		};
		A37AB00121D6A09E0028E21B /* Build configuration list for PBXNativeTarget "ARCompass" */ = {
			isa = XCConfigurationList;
			buildConfigurations = (
				A37AB00221D6A09E0028E21B /* Debug */,
				A37AB00321D6A09E0028E21B /* Release */,
			);
			defaultConfigurationIsVisible = 0;
			defaultConfigurationName = Release;
		};
/* End XCConfigurationList section */
	};
	rootObject = A37AAFE521D6A09C0028E21B /* Project object */;
}
